
Microsoft Visual Studio Solution File, Format Version 12.00
# Visual Studio Version 16
VisualStudioVersion = 16.0.30804.86
MinimumVisualStudioVersion = 10.0.40219.1
Project("{FAE04EC0-301F-11D3-BF4B-00C04F79EFBC}") = "BitCoinManager", "BitCoinManager.csproj", "{FBC73EEB-3F61-422A-BFCE-8A07302B080D}"
EndProject
Global
	GlobalSection(SolutionConfigurationPlatforms) = preSolution
		Debug|Any CPU = Debug|Any CPU
		Release|Any CPU = Release|Any CPU
	EndGlobalSection
	GlobalSection(ProjectConfigurationPlatforms) = postSolution
		{FBC73EEB-3F61-422A-BFCE-8A07302B080D}.Debug|Any CPU.ActiveCfg = Debug|Any CPU
		{FBC73EEB-3F61-422A-BFCE-8A07302B080D}.Debug|Any CPU.Build.0 = Debug|Any CPU
		{FBC73EEB-3F61-422A-BFCE-8A07302B080D}.Release|Any CPU.ActiveCfg = Release|Any CPU
		{FBC73EEB-3F61-422A-BFCE-8A07302B080D}.Release|Any CPU.Build.0 = Release|Any CPU
	EndGlobalSection
	GlobalSection(SolutionProperties) = preSolution
		HideSolutionNode = FALSE
	EndGlobalSection
	GlobalSection(ExtensibilityGlobals) = postSolution
		SolutionGuid = {2A255E93-F437-4068-B2FB-5B4B7CB5153F}
	EndGlobalSection
EndGlobal
